
Microsoft Visual Studio Solution File, Format Version 12.00
# Visual Studio Version 17
VisualStudioVersion = 17.7.34031.279
MinimumVisualStudioVersion = 10.0.40219.1
Project("{FAE04EC0-301F-11D3-BF4B-00C04F79EFBC}") = "club_deportivo", "club_deportivo.csproj", "{044A26F7-55F5-4CCE-8B8C-3F4C8E7DB24A}"
EndProject
Global
	GlobalSection(SolutionConfigurationPlatforms) = preSolution
		Debug|Any CPU = Debug|Any CPU
		Release|Any CPU = Release|Any CPU
	EndGlobalSection
	GlobalSection(ProjectConfigurationPlatforms) = postSolution
		{044A26F7-55F5-4CCE-8B8C-3F4C8E7DB24A}.Debug|Any CPU.ActiveCfg = Debug|Any CPU
		{044A26F7-55F5-4CCE-8B8C-3F4C8E7DB24A}.Debug|Any CPU.Build.0 = Debug|Any CPU
		{044A26F7-55F5-4CCE-8B8C-3F4C8E7DB24A}.Release|Any CPU.ActiveCfg = Release|Any CPU
		{044A26F7-55F5-4CCE-8B8C-3F4C8E7DB24A}.Release|Any CPU.Build.0 = Release|Any CPU
	EndGlobalSection
	GlobalSection(SolutionProperties) = preSolution
		HideSolutionNode = FALSE
	EndGlobalSection
	GlobalSection(ExtensibilityGlobals) = postSolution
		SolutionGuid = {094DE5D9-BDD1-4448-BCEA-D1B034356931}
	EndGlobalSection
EndGlobal
